
Microsoft Visual Studio Solution File, Format Version 12.00
# Visual Studio Version 17
VisualStudioVersion = 17.5.33502.453
MinimumVisualStudioVersion = 10.0.40219.1
Project("{9A19103F-16F7-4668-BE54-9A1E7A4F7556}") = "Reserve.Api", "Reserve.Api\Reserve.Api.csproj", "{88AEDB87-2A6C-4398-AD88-56C97EE6324B}"
EndProject
Project("{2150E333-8FDC-42A3-9474-1A3956D46DE8}") = "00-Database", "00-Database", "{A62A0196-A0B8-4CFB-AA35-EABF91895C92}"
EndProject
Project("{2150E333-8FDC-42A3-9474-1A3956D46DE8}") = "01-Core", "01-Core", "{F54D11C5-2A29-4A92-A776-96F3C5193C8F}"
EndProject
Project("{2150E333-8FDC-42A3-9474-1A3956D46DE8}") = "02-Domain", "02-Domain", "{48D55D7F-6148-46D9-B5FD-A1167EF92439}"
EndProject
Project("{2150E333-8FDC-42A3-9474-1A3956D46DE8}") = "03-Infrastructure", "03-Infrastructure", "{26A5606B-8E46-4F99-9DF4-06DA5EB204C4}"
EndProject
Project("{2150E333-8FDC-42A3-9474-1A3956D46DE8}") = "04-Application", "04-Application", "{23A439DF-FC68-4358-A3DB-B0DA0A2C18F5}"
EndProject
Project("{2150E333-8FDC-42A3-9474-1A3956D46DE8}") = "05-Api", "05-Api", "{C82CD2D4-47FE-4760-8B75-7216D2ACE617}"
EndProject
Project("{00D1A9C2-B5F0-4AF3-8072-F6C62B433612}") = "ReserveDb", "ReserveDb\ReserveDb.sqlproj", "{93172AD3-2AE5-45B0-8347-81E3714D810E}"
EndProject
Project("{9A19103F-16F7-4668-BE54-9A1E7A4F7556}") = "Core", "Core\Core.csproj", "{CB33B302-AA3E-4FFF-B906-B78A5A8090D8}"
EndProject
Project("{9A19103F-16F7-4668-BE54-9A1E7A4F7556}") = "Domain", "Domain\Domain.csproj", "{78A38F75-712E-440B-A8EE-619498C21741}"
EndProject
Project("{9A19103F-16F7-4668-BE54-9A1E7A4F7556}") = "Infrastructure", "Infrastructure\Infrastructure.csproj", "{3CC0D02B-73B1-49E7-84B5-BFB649A5A8F7}"
EndProject
Project("{FAE04EC0-301F-11D3-BF4B-00C04F79EFBC}") = "Application", "Application\Application.csproj", "{CC0233F5-6AEF-4503-A498-C52E6E3EDEBB}"
EndProject
Global
	GlobalSection(SolutionConfigurationPlatforms) = preSolution
		Debug|Any CPU = Debug|Any CPU
		Release|Any CPU = Release|Any CPU
	EndGlobalSection
	GlobalSection(ProjectConfigurationPlatforms) = postSolution
		{88AEDB87-2A6C-4398-AD88-56C97EE6324B}.Debug|Any CPU.ActiveCfg = Debug|Any CPU
		{88AEDB87-2A6C-4398-AD88-56C97EE6324B}.Debug|Any CPU.Build.0 = Debug|Any CPU
		{88AEDB87-2A6C-4398-AD88-56C97EE6324B}.Release|Any CPU.ActiveCfg = Release|Any CPU
		{88AEDB87-2A6C-4398-AD88-56C97EE6324B}.Release|Any CPU.Build.0 = Release|Any CPU
		{93172AD3-2AE5-45B0-8347-81E3714D810E}.Debug|Any CPU.ActiveCfg = Debug|Any CPU
		{93172AD3-2AE5-45B0-8347-81E3714D810E}.Debug|Any CPU.Build.0 = Debug|Any CPU
		{93172AD3-2AE5-45B0-8347-81E3714D810E}.Debug|Any CPU.Deploy.0 = Debug|Any CPU
		{93172AD3-2AE5-45B0-8347-81E3714D810E}.Release|Any CPU.ActiveCfg = Release|Any CPU
		{93172AD3-2AE5-45B0-8347-81E3714D810E}.Release|Any CPU.Build.0 = Release|Any CPU
		{93172AD3-2AE5-45B0-8347-81E3714D810E}.Release|Any CPU.Deploy.0 = Release|Any CPU
		{CB33B302-AA3E-4FFF-B906-B78A5A8090D8}.Debug|Any CPU.ActiveCfg = Debug|Any CPU
		{CB33B302-AA3E-4FFF-B906-B78A5A8090D8}.Debug|Any CPU.Build.0 = Debug|Any CPU
		{CB33B302-AA3E-4FFF-B906-B78A5A8090D8}.Release|Any CPU.ActiveCfg = Release|Any CPU
		{CB33B302-AA3E-4FFF-B906-B78A5A8090D8}.Release|Any CPU.Build.0 = Release|Any CPU
		{78A38F75-712E-440B-A8EE-619498C21741}.Debug|Any CPU.ActiveCfg = Debug|Any CPU
		{78A38F75-712E-440B-A8EE-619498C21741}.Debug|Any CPU.Build.0 = Debug|Any CPU
		{78A38F75-712E-440B-A8EE-619498C21741}.Release|Any CPU.ActiveCfg = Release|Any CPU
		{78A38F75-712E-440B-A8EE-619498C21741}.Release|Any CPU.Build.0 = Release|Any CPU
		{3CC0D02B-73B1-49E7-84B5-BFB649A5A8F7}.Debug|Any CPU.ActiveCfg = Debug|Any CPU
		{3CC0D02B-73B1-49E7-84B5-BFB649A5A8F7}.Debug|Any CPU.Build.0 = Debug|Any CPU
		{3CC0D02B-73B1-49E7-84B5-BFB649A5A8F7}.Release|Any CPU.ActiveCfg = Release|Any CPU
		{3CC0D02B-73B1-49E7-84B5-BFB649A5A8F7}.Release|Any CPU.Build.0 = Release|Any CPU
		{CC0233F5-6AEF-4503-A498-C52E6E3EDEBB}.Debug|Any CPU.ActiveCfg = Debug|Any CPU
		{CC0233F5-6AEF-4503-A498-C52E6E3EDEBB}.Debug|Any CPU.Build.0 = Debug|Any CPU
		{CC0233F5-6AEF-4503-A498-C52E6E3EDEBB}.Release|Any CPU.ActiveCfg = Release|Any CPU
		{CC0233F5-6AEF-4503-A498-C52E6E3EDEBB}.Release|Any CPU.Build.0 = Release|Any CPU
	EndGlobalSection
	GlobalSection(SolutionProperties) = preSolution
		HideSolutionNode = FALSE
	EndGlobalSection
	GlobalSection(NestedProjects) = preSolution
		{88AEDB87-2A6C-4398-AD88-56C97EE6324B} = {C82CD2D4-47FE-4760-8B75-7216D2ACE617}
		{93172AD3-2AE5-45B0-8347-81E3714D810E} = {A62A0196-A0B8-4CFB-AA35-EABF91895C92}
		{CB33B302-AA3E-4FFF-B906-B78A5A8090D8} = {F54D11C5-2A29-4A92-A776-96F3C5193C8F}
		{78A38F75-712E-440B-A8EE-619498C21741} = {48D55D7F-6148-46D9-B5FD-A1167EF92439}
		{3CC0D02B-73B1-49E7-84B5-BFB649A5A8F7} = {26A5606B-8E46-4F99-9DF4-06DA5EB204C4}
		{CC0233F5-6AEF-4503-A498-C52E6E3EDEBB} = {23A439DF-FC68-4358-A3DB-B0DA0A2C18F5}
	EndGlobalSection
	GlobalSection(ExtensibilityGlobals) = postSolution
		SolutionGuid = {8D969557-39AF-4362-97AE-D3FF1C57A351}
	EndGlobalSection
EndGlobal
